
Microsoft Visual Studio Solution File, Format Version 12.00
# Visual Studio Version 17
VisualStudioVersion = 17.8.34322.80
MinimumVisualStudioVersion = 10.0.40219.1
Project("{E24C65DC-7377-472B-9ABA-BC803B73C61A}") = "Final4", ".", "{A90F6737-BFC0-4E9B-A44A-51E1247D5CE5}"
	ProjectSection(WebsiteProperties) = preProject
		TargetFrameworkMoniker = ".NETFramework,Version%3Dv4.8"
		Debug.AspNetCompiler.VirtualPath = "/localhost_55734"
		Debug.AspNetCompiler.PhysicalPath = "..\Final4\"
		Debug.AspNetCompiler.TargetPath = "PrecompiledWeb\localhost_55734\"
		Debug.AspNetCompiler.Updateable = "true"
		Debug.AspNetCompiler.ForceOverwrite = "true"
		Debug.AspNetCompiler.FixedNames = "false"
		Debug.AspNetCompiler.Debug = "True"
		Release.AspNetCompiler.VirtualPath = "/localhost_55734"
		Release.AspNetCompiler.PhysicalPath = "..\Final4\"
		Release.AspNetCompiler.TargetPath = "PrecompiledWeb\localhost_55734\"
		Release.AspNetCompiler.Updateable = "true"
		Release.AspNetCompiler.ForceOverwrite = "true"
		Release.AspNetCompiler.FixedNames = "false"
		Release.AspNetCompiler.Debug = "False"
		VWDPort = "55734"
		SlnRelativePath = "..\Final4\"
		DefaultWebSiteLanguage = "Visual C#"
	EndProjectSection
EndProject
Global
	GlobalSection(SolutionConfigurationPlatforms) = preSolution
		Debug|Any CPU = Debug|Any CPU
	EndGlobalSection
	GlobalSection(ProjectConfigurationPlatforms) = postSolution
		{A90F6737-BFC0-4E9B-A44A-51E1247D5CE5}.Debug|Any CPU.ActiveCfg = Debug|Any CPU
		{A90F6737-BFC0-4E9B-A44A-51E1247D5CE5}.Debug|Any CPU.Build.0 = Debug|Any CPU
	EndGlobalSection
	GlobalSection(SolutionProperties) = preSolution
		HideSolutionNode = FALSE
	EndGlobalSection
	GlobalSection(ExtensibilityGlobals) = postSolution
		SolutionGuid = {7876DFC4-9923-42BE-BB95-205195EA69A6}
	EndGlobalSection
EndGlobal
